
Microsoft Visual Studio Solution File, Format Version 12.00
# Visual Studio Version 17
VisualStudioVersion = 17.10.35013.160
MinimumVisualStudioVersion = 10.0.40219.1
Project("{FAE04EC0-301F-11D3-BF4B-00C04F79EFBC}") = "Aplicacion de Windows", "WinForms\Aplicacion de Windows.csproj", "{28E1383C-7A03-4EA5-BAAC-7337274D5576}"
EndProject
Global
	GlobalSection(SolutionConfigurationPlatforms) = preSolution
		Debug|Any CPU = Debug|Any CPU
		Release|Any CPU = Release|Any CPU
	EndGlobalSection
	GlobalSection(ProjectConfigurationPlatforms) = postSolution
		{28E1383C-7A03-4EA5-BAAC-7337274D5576}.Debug|Any CPU.ActiveCfg = Debug|Any CPU
		{28E1383C-7A03-4EA5-BAAC-7337274D5576}.Debug|Any CPU.Build.0 = Debug|Any CPU
		{28E1383C-7A03-4EA5-BAAC-7337274D5576}.Release|Any CPU.ActiveCfg = Release|Any CPU
		{28E1383C-7A03-4EA5-BAAC-7337274D5576}.Release|Any CPU.Build.0 = Release|Any CPU
	EndGlobalSection
	GlobalSection(SolutionProperties) = preSolution
		HideSolutionNode = FALSE
	EndGlobalSection
	GlobalSection(ExtensibilityGlobals) = postSolution
		SolutionGuid = {40A9BCBB-B72D-4073-BD1E-CD9821BFE51A}
	EndGlobalSection
EndGlobal
